
Microsoft Visual Studio Solution File, Format Version 12.00
# Visual Studio Version 16
VisualStudioVersion = 16.0.28922.388
MinimumVisualStudioVersion = 10.0.40219.1
Project("{8BC9CEB8-8B4A-11D0-8D11-00A0C91BC942}") = "cuda_beginning", "cuda_beginning\cuda_beginning.vcxproj", "{5CC19B0C-0E43-40A0-9797-00D1653F25C3}"
EndProject
Global
	GlobalSection(SolutionConfigurationPlatforms) = preSolution
		Debug|x64 = Debug|x64
		Release|x64 = Release|x64
	EndGlobalSection
	GlobalSection(ProjectConfigurationPlatforms) = postSolution
		{5CC19B0C-0E43-40A0-9797-00D1653F25C3}.Debug|x64.ActiveCfg = Debug|x64
		{5CC19B0C-0E43-40A0-9797-00D1653F25C3}.Debug|x64.Build.0 = Debug|x64
		{5CC19B0C-0E43-40A0-9797-00D1653F25C3}.Release|x64.ActiveCfg = Release|x64
		{5CC19B0C-0E43-40A0-9797-00D1653F25C3}.Release|x64.Build.0 = Release|x64
	EndGlobalSection
	GlobalSection(SolutionProperties) = preSolution
		HideSolutionNode = FALSE
	EndGlobalSection
	GlobalSection(ExtensibilityGlobals) = postSolution
		SolutionGuid = {5E052C21-F346-4822-BDDA-F633C5CD29F0}
	EndGlobalSection
EndGlobal
